{
  "name": "typescript-boilerplate",
  "version": "0.0.3",
  "lockfileVersion": 2,
  "requires": true,
  "packages": {
    "": {
      "name": "typescript-boilerplate",
      "version": "0.0.3",
      "license": "ISC",
      "devDependencies": {
        "@altv/types-client": "^16.2.9",
        "@altv/types-natives": "^16.2.1",
        "@altv/types-server": "^16.2.6",
        "@altv/types-webview": "^16.2.1",
        "@types/node": "^22.14.1",
        "npm-check-updates": "^17.1.18",
        "typescript": "^5.8.3"
      }
    },
    "node_modules/@altv/types-client": {
      "version": "16.2.9",
      "resolved": "https://registry.npmjs.org/@altv/types-client/-/types-client-16.2.9.tgz",
      "integrity": "sha512-xzSthkn9Bsswy/BSSuHrfD+/m7x5yKJhqy4B/T7SHcNZ2OdqevkVFK7pql1yuvQkcR5dA/KvCos22WhAHhN43Q==",
      "dev": true,
      "peerDependencies": {
        "@altv/types-shared": "^16.2.0",
        "@altv/types-worker": "^16.2.0"
      }
    },
    "node_modules/@altv/types-natives": {
      "version": "16.2.1",
      "resolved": "https://registry.npmjs.org/@altv/types-natives/-/types-natives-16.2.1.tgz",
      "integrity": "sha512-V3VrJrB7HP+rG/SDPZHaR1enASGuWqXtcDQixa+CxwFeFH7GxeqH0qhdD1F8SH3NsiKg5CGvVsUulHEO5KkzBA==",
      "dev": true,
      "peerDependencies": {
        "@altv/types-client": "^16.2.0"
      }
    },
    "node_modules/@altv/types-server": {
      "version": "16.2.6",
      "resolved": "https://registry.npmjs.org/@altv/types-server/-/types-server-16.2.6.tgz",
      "integrity": "sha512-3zSry3PGI0hH26xVA/eszCC1EYq2yQHD3z6D9yoSSOwVcXQEA0TlMrzT/EBfJbuJN4dnhNgQOQ2Th9Tlt+DSoA==",
      "dev": true,
      "peerDependencies": {
        "@altv/types-shared": "^16.2.0"
      }
    },
    "node_modules/@altv/types-shared": {
      "version": "16.2.4",
      "resolved": "https://registry.npmjs.org/@altv/types-shared/-/types-shared-16.2.4.tgz",
      "integrity": "sha512-d0+VyrBcWkkV6ScfS/QOEbjPTr43WSdKzURmNQAeuGJRlDzFKEAaHUrsIsTylX2KDTfAUp501BtEgAiBH7Ty0Q==",
      "dev": true,
      "peer": true
    },
    "node_modules/@altv/types-webview": {
      "version": "16.2.1",
      "resolved": "https://registry.npmjs.org/@altv/types-webview/-/types-webview-16.2.1.tgz",
      "integrity": "sha512-JEk1+XR1ya+mYkKoF3/tLYfaHUKkL6A8gtckuuGuf4IPrKO80UVGYI+2LxvqMBKcF6aDGI3MOoD9DYV0DznWSQ==",
      "dev": true
    },
    "node_modules/@altv/types-worker": {
      "version": "16.2.0",
      "resolved": "https://registry.npmjs.org/@altv/types-worker/-/types-worker-16.2.0.tgz",
      "integrity": "sha512-l2cy7xFn4QE+XCHJyu1dJB8cziwAfi4x4S8JbpymRAAnXkMHvrZixjpyeUzNRnQGn4dNhQz6QLyUYx+LEXDtyA==",
      "dev": true,
      "peer": true,
      "peerDependencies": {
        "@altv/types-client": "^16.2.0"
      }
    },
    "node_modules/@types/node": {
      "version": "22.14.1",
      "resolved": "https://registry.npmjs.org/@types/node/-/node-22.14.1.tgz",
      "integrity": "sha512-u0HuPQwe/dHrItgHHpmw3N2fYCR6x4ivMNbPHRkBVP4CvN+kiRrKHWk3i8tXiO/joPwXLMYvF9TTF0eqgHIuOw==",
      "dev": true,
      "dependencies": {
        "undici-types": "~6.21.0"
      }
    },
    "node_modules/npm-check-updates": {
      "version": "17.1.18",
      "resolved": "https://registry.npmjs.org/npm-check-updates/-/npm-check-updates-17.1.18.tgz",
      "integrity": "sha512-bkUy2g4v1i+3FeUf5fXMLbxmV95eG4/sS7lYE32GrUeVgQRfQEk39gpskksFunyaxQgTIdrvYbnuNbO/pSUSqw==",
      "dev": true,
      "bin": {
        "ncu": "build/cli.js",
        "npm-check-updates": "build/cli.js"
      },
      "engines": {
        "node": "^18.18.0 || >=20.0.0",
        "npm": ">=8.12.1"
      }
    },
    "node_modules/typescript": {
      "version": "5.8.3",
      "resolved": "https://registry.npmjs.org/typescript/-/typescript-5.8.3.tgz",
      "integrity": "sha512-p1diW6TqL9L07nNxvRMM7hMMw4c5XOo/1ibL4aAIGmSAt9slTE1Xgw5KWuof2uTOvCg9BY7ZRi+GaF+7sfgPeQ==",
      "dev": true,
      "bin": {
        "tsc": "bin/tsc",
        "tsserver": "bin/tsserver"
      },
      "engines": {
        "node": ">=14.17"
      }
    },
    "node_modules/undici-types": {
      "version": "6.21.0",
      "resolved": "https://registry.npmjs.org/undici-types/-/undici-types-6.21.0.tgz",
      "integrity": "sha512-iwDZqg0QAGrg9Rav5H4n0M64c3mkR59cJ6wQp+7C4nI0gsmExaedaYLNO44eT4AtBBwjbTiGPMlt2Md0T9H9JQ==",
      "dev": true
    }
  },
  "dependencies": {
    "@altv/types-client": {
      "version": "16.2.9",
      "resolved": "https://registry.npmjs.org/@altv/types-client/-/types-client-16.2.9.tgz",
      "integrity": "sha512-xzSthkn9Bsswy/BSSuHrfD+/m7x5yKJhqy4B/T7SHcNZ2OdqevkVFK7pql1yuvQkcR5dA/KvCos22WhAHhN43Q==",
      "dev": true,
      "requires": {}
    },
    "@altv/types-natives": {
      "version": "16.2.1",
      "resolved": "https://registry.npmjs.org/@altv/types-natives/-/types-natives-16.2.1.tgz",
      "integrity": "sha512-V3VrJrB7HP+rG/SDPZHaR1enASGuWqXtcDQixa+CxwFeFH7GxeqH0qhdD1F8SH3NsiKg5CGvVsUulHEO5KkzBA==",
      "dev": true,
      "requires": {}
    },
    "@altv/types-server": {
      "version": "16.2.6",
      "resolved": "https://registry.npmjs.org/@altv/types-server/-/types-server-16.2.6.tgz",
      "integrity": "sha512-3zSry3PGI0hH26xVA/eszCC1EYq2yQHD3z6D9yoSSOwVcXQEA0TlMrzT/EBfJbuJN4dnhNgQOQ2Th9Tlt+DSoA==",
      "dev": true,
      "requires": {}
    },
    "@altv/types-shared": {
      "version": "16.2.4",
      "resolved": "https://registry.npmjs.org/@altv/types-shared/-/types-shared-16.2.4.tgz",
      "integrity": "sha512-d0+VyrBcWkkV6ScfS/QOEbjPTr43WSdKzURmNQAeuGJRlDzFKEAaHUrsIsTylX2KDTfAUp501BtEgAiBH7Ty0Q==",
      "dev": true,
      "peer": true
    },
    "@altv/types-webview": {
      "version": "16.2.1",
      "resolved": "https://registry.npmjs.org/@altv/types-webview/-/types-webview-16.2.1.tgz",
      "integrity": "sha512-JEk1+XR1ya+mYkKoF3/tLYfaHUKkL6A8gtckuuGuf4IPrKO80UVGYI+2LxvqMBKcF6aDGI3MOoD9DYV0DznWSQ==",
      "dev": true
    },
    "@altv/types-worker": {
      "version": "16.2.0",
      "resolved": "https://registry.npmjs.org/@altv/types-worker/-/types-worker-16.2.0.tgz",
      "integrity": "sha512-l2cy7xFn4QE+XCHJyu1dJB8cziwAfi4x4S8JbpymRAAnXkMHvrZixjpyeUzNRnQGn4dNhQz6QLyUYx+LEXDtyA==",
      "dev": true,
      "peer": true,
      "requires": {}
    },
    "@types/node": {
      "version": "22.14.1",
      "resolved": "https://registry.npmjs.org/@types/node/-/node-22.14.1.tgz",
      "integrity": "sha512-u0HuPQwe/dHrItgHHpmw3N2fYCR6x4ivMNbPHRkBVP4CvN+kiRrKHWk3i8tXiO/joPwXLMYvF9TTF0eqgHIuOw==",
      "dev": true,
      "requires": {
        "undici-types": "~6.21.0"
      }
    },
    "npm-check-updates": {
      "version": "17.1.18",
      "resolved": "https://registry.npmjs.org/npm-check-updates/-/npm-check-updates-17.1.18.tgz",
      "integrity": "sha512-bkUy2g4v1i+3FeUf5fXMLbxmV95eG4/sS7lYE32GrUeVgQRfQEk39gpskksFunyaxQgTIdrvYbnuNbO/pSUSqw==",
      "dev": true
    },
    "typescript": {
      "version": "5.8.3",
      "resolved": "https://registry.npmjs.org/typescript/-/typescript-5.8.3.tgz",
      "integrity": "sha512-p1diW6TqL9L07nNxvRMM7hMMw4c5XOo/1ibL4aAIGmSAt9slTE1Xgw5KWuof2uTOvCg9BY7ZRi+GaF+7sfgPeQ==",
      "dev": true
    },
    "undici-types": {
      "version": "6.21.0",
      "resolved": "https://registry.npmjs.org/undici-types/-/undici-types-6.21.0.tgz",
      "integrity": "sha512-iwDZqg0QAGrg9Rav5H4n0M64c3mkR59cJ6wQp+7C4nI0gsmExaedaYLNO44eT4AtBBwjbTiGPMlt2Md0T9H9JQ==",
      "dev": true
    }
  }
}
